
Microsoft Visual Studio Solution File, Format Version 12.00
# Visual Studio Version 16
VisualStudioVersion = 16.0.30320.27
MinimumVisualStudioVersion = 10.0.40219.1
Project("{FAE04EC0-301F-11D3-BF4B-00C04F79EFBC}") = "example", "example\example.csproj", "{77C1D5F3-44E9-4F70-875C-25D54A0038D0}"
EndProject
Global
	GlobalSection(SolutionConfigurationPlatforms) = preSolution
		Debug|Any CPU = Debug|Any CPU
		Release|Any CPU = Release|Any CPU
	EndGlobalSection
	GlobalSection(ProjectConfigurationPlatforms) = postSolution
		{77C1D5F3-44E9-4F70-875C-25D54A0038D0}.Debug|Any CPU.ActiveCfg = Debug|Any CPU
		{77C1D5F3-44E9-4F70-875C-25D54A0038D0}.Debug|Any CPU.Build.0 = Debug|Any CPU
		{77C1D5F3-44E9-4F70-875C-25D54A0038D0}.Release|Any CPU.ActiveCfg = Release|Any CPU
		{77C1D5F3-44E9-4F70-875C-25D54A0038D0}.Release|Any CPU.Build.0 = Release|Any CPU
	EndGlobalSection
	GlobalSection(SolutionProperties) = preSolution
		HideSolutionNode = FALSE
	EndGlobalSection
	GlobalSection(ExtensibilityGlobals) = postSolution
		SolutionGuid = {50BFC370-F3AD-431C-94B6-1262030F707B}
	EndGlobalSection
EndGlobal
